
Microsoft Visual Studio Solution File, Format Version 12.00
# Visual Studio Version 16
VisualStudioVersion = 16.0.30907.101
MinimumVisualStudioVersion = 10.0.40219.1
Project("{FAE04EC0-301F-11D3-BF4B-00C04F79EFBC}") = "BookStore", "BookStore.csproj", "{6F10C6CD-9519-4565-A4A7-12E6C438AF45}"
EndProject
Global
	GlobalSection(SolutionConfigurationPlatforms) = preSolution
		Debug|Any CPU = Debug|Any CPU
		Release|Any CPU = Release|Any CPU
	EndGlobalSection
	GlobalSection(ProjectConfigurationPlatforms) = postSolution
		{6F10C6CD-9519-4565-A4A7-12E6C438AF45}.Debug|Any CPU.ActiveCfg = Debug|Any CPU
		{6F10C6CD-9519-4565-A4A7-12E6C438AF45}.Debug|Any CPU.Build.0 = Debug|Any CPU
		{6F10C6CD-9519-4565-A4A7-12E6C438AF45}.Release|Any CPU.ActiveCfg = Release|Any CPU
		{6F10C6CD-9519-4565-A4A7-12E6C438AF45}.Release|Any CPU.Build.0 = Release|Any CPU
	EndGlobalSection
	GlobalSection(SolutionProperties) = preSolution
		HideSolutionNode = FALSE
	EndGlobalSection
	GlobalSection(ExtensibilityGlobals) = postSolution
		SolutionGuid = {C7DC4010-2AC3-4A69-AEA9-0D4D1540EFDF}
	EndGlobalSection
EndGlobal
